
Microsoft Visual Studio Solution File, Format Version 12.00
Project("{FAE04EC0-301F-11D3-BF4B-00C04F79EFBC}") = "RestApi", "RestApi\RestApi.csproj", "{CC11CD9B-F9B7-4349-B5FB-DCD1FFA1494A}"
EndProject
Global
	GlobalSection(SolutionConfigurationPlatforms) = preSolution
		Debug|Any CPU = Debug|Any CPU
		Release|Any CPU = Release|Any CPU
	EndGlobalSection
	GlobalSection(ProjectConfigurationPlatforms) = postSolution
		{CC11CD9B-F9B7-4349-B5FB-DCD1FFA1494A}.Debug|Any CPU.ActiveCfg = Debug|Any CPU
		{CC11CD9B-F9B7-4349-B5FB-DCD1FFA1494A}.Debug|Any CPU.Build.0 = Debug|Any CPU
		{CC11CD9B-F9B7-4349-B5FB-DCD1FFA1494A}.Release|Any CPU.ActiveCfg = Release|Any CPU
		{CC11CD9B-F9B7-4349-B5FB-DCD1FFA1494A}.Release|Any CPU.Build.0 = Release|Any CPU
	EndGlobalSection
EndGlobal
